
Microsoft Visual Studio Solution File, Format Version 12.00
# Visual Studio Version 17
VisualStudioVersion = 17.14.36221.1 d17.14
MinimumVisualStudioVersion = 10.0.40219.1
Project("{FAE04EC0-301F-11D3-BF4B-00C04F79EFBC}") = "CentroEstetica", "CentroEstetica\CentroEstetica.csproj", "{EC5BDFEC-637C-4A46-ABEC-B0EC984D86EC}"
EndProject
Project("{FAE04EC0-301F-11D3-BF4B-00C04F79EFBC}") = "Dominio", "Dominio\Dominio.csproj", "{73EDD239-0471-4934-B658-C838252C506C}"
EndProject
Project("{FAE04EC0-301F-11D3-BF4B-00C04F79EFBC}") = "Negocio", "Negocio\Negocio.csproj", "{BE14ACE2-BE46-4631-A216-51F1F4DD9151}"
EndProject
Project("{FAE04EC0-301F-11D3-BF4B-00C04F79EFBC}") = "AccesoDatos", "AccesoDatos\AccesoDatos.csproj", "{0A53753D-B752-4DA7-82C0-C855488C4549}"
EndProject
Global
	GlobalSection(SolutionConfigurationPlatforms) = preSolution
		Debug|Any CPU = Debug|Any CPU
		Release|Any CPU = Release|Any CPU
	EndGlobalSection
	GlobalSection(ProjectConfigurationPlatforms) = postSolution
		{EC5BDFEC-637C-4A46-ABEC-B0EC984D86EC}.Debug|Any CPU.ActiveCfg = Debug|Any CPU
		{EC5BDFEC-637C-4A46-ABEC-B0EC984D86EC}.Debug|Any CPU.Build.0 = Debug|Any CPU
		{EC5BDFEC-637C-4A46-ABEC-B0EC984D86EC}.Release|Any CPU.ActiveCfg = Release|Any CPU
		{EC5BDFEC-637C-4A46-ABEC-B0EC984D86EC}.Release|Any CPU.Build.0 = Release|Any CPU
		{73EDD239-0471-4934-B658-C838252C506C}.Debug|Any CPU.ActiveCfg = Debug|Any CPU
		{73EDD239-0471-4934-B658-C838252C506C}.Debug|Any CPU.Build.0 = Debug|Any CPU
		{73EDD239-0471-4934-B658-C838252C506C}.Release|Any CPU.ActiveCfg = Release|Any CPU
		{73EDD239-0471-4934-B658-C838252C506C}.Release|Any CPU.Build.0 = Release|Any CPU
		{BE14ACE2-BE46-4631-A216-51F1F4DD9151}.Debug|Any CPU.ActiveCfg = Debug|Any CPU
		{BE14ACE2-BE46-4631-A216-51F1F4DD9151}.Debug|Any CPU.Build.0 = Debug|Any CPU
		{BE14ACE2-BE46-4631-A216-51F1F4DD9151}.Release|Any CPU.ActiveCfg = Release|Any CPU
		{BE14ACE2-BE46-4631-A216-51F1F4DD9151}.Release|Any CPU.Build.0 = Release|Any CPU
		{0A53753D-B752-4DA7-82C0-C855488C4549}.Debug|Any CPU.ActiveCfg = Debug|Any CPU
		{0A53753D-B752-4DA7-82C0-C855488C4549}.Debug|Any CPU.Build.0 = Debug|Any CPU
		{0A53753D-B752-4DA7-82C0-C855488C4549}.Release|Any CPU.ActiveCfg = Release|Any CPU
		{0A53753D-B752-4DA7-82C0-C855488C4549}.Release|Any CPU.Build.0 = Release|Any CPU
	EndGlobalSection
	GlobalSection(SolutionProperties) = preSolution
		HideSolutionNode = FALSE
	EndGlobalSection
	GlobalSection(ExtensibilityGlobals) = postSolution
		SolutionGuid = {AAC2D75A-7EE0-4C32-A315-D0C7E5F85C89}
	EndGlobalSection
EndGlobal
